
Microsoft Visual Studio Solution File, Format Version 12.00
# Visual Studio Version 17
VisualStudioVersion = 17.5.002.0
MinimumVisualStudioVersion = 10.0.40219.1
Project("{9A19103F-16F7-4668-BE54-9A1E7A4F7556}") = "apifuncionario", "apifuncionario.csproj", "{F5451774-02F6-48AC-91BF-2320B5F8ACB6}"
EndProject
Global
	GlobalSection(SolutionConfigurationPlatforms) = preSolution
		Debug|Any CPU = Debug|Any CPU
		Release|Any CPU = Release|Any CPU
	EndGlobalSection
	GlobalSection(ProjectConfigurationPlatforms) = postSolution
		{F5451774-02F6-48AC-91BF-2320B5F8ACB6}.Debug|Any CPU.ActiveCfg = Debug|Any CPU
		{F5451774-02F6-48AC-91BF-2320B5F8ACB6}.Debug|Any CPU.Build.0 = Debug|Any CPU
		{F5451774-02F6-48AC-91BF-2320B5F8ACB6}.Release|Any CPU.ActiveCfg = Release|Any CPU
		{F5451774-02F6-48AC-91BF-2320B5F8ACB6}.Release|Any CPU.Build.0 = Release|Any CPU
	EndGlobalSection
	GlobalSection(SolutionProperties) = preSolution
		HideSolutionNode = FALSE
	EndGlobalSection
	GlobalSection(ExtensibilityGlobals) = postSolution
		SolutionGuid = {C4192270-ED9A-4F7E-BCF7-1BB1E006D6BC}
	EndGlobalSection
EndGlobal
